
Microsoft Visual Studio Solution File, Format Version 12.00
# Visual Studio Version 17
VisualStudioVersion = 17.7.34031.279
MinimumVisualStudioVersion = 10.0.40219.1
Project("{FAE04EC0-301F-11D3-BF4B-00C04F79EFBC}") = "ALLUP2", "ALLUP2.csproj", "{DDEAB97C-654F-4D64-8539-C1CD234A35EE}"
EndProject
Global
	GlobalSection(SolutionConfigurationPlatforms) = preSolution
		Debug|Any CPU = Debug|Any CPU
		Release|Any CPU = Release|Any CPU
	EndGlobalSection
	GlobalSection(ProjectConfigurationPlatforms) = postSolution
		{DDEAB97C-654F-4D64-8539-C1CD234A35EE}.Debug|Any CPU.ActiveCfg = Debug|Any CPU
		{DDEAB97C-654F-4D64-8539-C1CD234A35EE}.Debug|Any CPU.Build.0 = Debug|Any CPU
		{DDEAB97C-654F-4D64-8539-C1CD234A35EE}.Release|Any CPU.ActiveCfg = Release|Any CPU
		{DDEAB97C-654F-4D64-8539-C1CD234A35EE}.Release|Any CPU.Build.0 = Release|Any CPU
	EndGlobalSection
	GlobalSection(SolutionProperties) = preSolution
		HideSolutionNode = FALSE
	EndGlobalSection
	GlobalSection(ExtensibilityGlobals) = postSolution
		SolutionGuid = {FF2B52F9-1A0C-4AC6-9F58-2A27DD4389C1}
	EndGlobalSection
EndGlobal
